version = 1
revision = 3
requires-python = ">=3.13"

[[package]]
name = "prog"
version = "0.1.0"
source = { virtual = "." }
dependencies = [
    { name = "topo" },
]

[package.metadata]
requires-dist = [{ name = "topo", path = "../topo/dist/topo-1.0.3.tar.gz" }]

[[package]]
name = "topo"
version = "1.0.3"
source = { path = "../topo/dist/topo-1.0.3.tar.gz" }
sdist = { hash = "sha256:ab8022e1caecde7d50768a6700d592868068d5ad8d1a3bc34540d0fe9beee8df" }
